
Microsoft Visual Studio Solution File, Format Version 12.00
# Visual Studio 15
VisualStudioVersion = 15.0.27428.2037
MinimumVisualStudioVersion = 10.0.40219.1
Project("{FAE04EC0-301F-11D3-BF4B-00C04F79EFBC}") = "Loja", "Loja\Loja.csproj", "{9E230221-2F24-47C0-ABF0-5B420BB43000}"
EndProject
Project("{FAE04EC0-301F-11D3-BF4B-00C04F79EFBC}") = "Loja.Infra.EF", "Loja.Infra.EF\Loja.Infra.EF.csproj", "{63C18408-3B27-4B64-9E1A-80A917297F1D}"
EndProject
Project("{FAE04EC0-301F-11D3-BF4B-00C04F79EFBC}") = "Loja.Infra.Linq", "Loja.Infra.Linq\Loja.Infra.Linq.csproj", "{DD3621FA-9DEE-48C8-B469-F4924793FBE4}"
EndProject
Global
	GlobalSection(SolutionConfigurationPlatforms) = preSolution
		Debug|Any CPU = Debug|Any CPU
		Release|Any CPU = Release|Any CPU
	EndGlobalSection
	GlobalSection(ProjectConfigurationPlatforms) = postSolution
		{9E230221-2F24-47C0-ABF0-5B420BB43000}.Debug|Any CPU.ActiveCfg = Debug|Any CPU
		{9E230221-2F24-47C0-ABF0-5B420BB43000}.Debug|Any CPU.Build.0 = Debug|Any CPU
		{9E230221-2F24-47C0-ABF0-5B420BB43000}.Release|Any CPU.ActiveCfg = Release|Any CPU
		{9E230221-2F24-47C0-ABF0-5B420BB43000}.Release|Any CPU.Build.0 = Release|Any CPU
		{63C18408-3B27-4B64-9E1A-80A917297F1D}.Debug|Any CPU.ActiveCfg = Debug|Any CPU
		{63C18408-3B27-4B64-9E1A-80A917297F1D}.Debug|Any CPU.Build.0 = Debug|Any CPU
		{63C18408-3B27-4B64-9E1A-80A917297F1D}.Release|Any CPU.ActiveCfg = Release|Any CPU
		{63C18408-3B27-4B64-9E1A-80A917297F1D}.Release|Any CPU.Build.0 = Release|Any CPU
		{DD3621FA-9DEE-48C8-B469-F4924793FBE4}.Debug|Any CPU.ActiveCfg = Debug|Any CPU
		{DD3621FA-9DEE-48C8-B469-F4924793FBE4}.Debug|Any CPU.Build.0 = Debug|Any CPU
		{DD3621FA-9DEE-48C8-B469-F4924793FBE4}.Release|Any CPU.ActiveCfg = Release|Any CPU
		{DD3621FA-9DEE-48C8-B469-F4924793FBE4}.Release|Any CPU.Build.0 = Release|Any CPU
	EndGlobalSection
	GlobalSection(SolutionProperties) = preSolution
		HideSolutionNode = FALSE
	EndGlobalSection
	GlobalSection(ExtensibilityGlobals) = postSolution
		SolutionGuid = {E740513B-06D1-4B3F-A9C2-3730F3ABC7A9}
	EndGlobalSection
EndGlobal
